github.com/devilmonastery/env-k8s-home v0.1.16 h1:c1rDo4De79OaiY1w4eNY4S6BnBP2YQhdGAK98vj+dZI=
github.com/devilmonastery/env-k8s-home v0.1.16/go.mod h1:5ijSA+Crgi8RJicg93AiRr1kuFMqRUSL9xRTaDKCj1w=
github.com/devilmonastery/infracode v0.2.25 h1:PANkn1rn8mV4STi38q4QZNy96cwKqk5outC4W1G+ztA=
github.com/devilmonastery/infracode v0.2.25/go.mod h1:qkO7f22yqLscLLC1Svp7lN0m6dPYv3m5K7wS39FveuE=
gopkg.in/check.v1 v0.0.0-20161208181325-20d25e280405 h1:yhCVgyC4o1eVCa2tZl7eS0r+SDo693bJlVdllGtEeKM=
gopkg.in/check.v1 v0.0.0-20161208181325-20d25e280405/go.mod h1:Co6ibVJAznAaIkqp8huTwlJQCZ016jof/cbN4VW5Yz0=
gopkg.in/yaml.v3 v3.0.1 h1:fxVm/GzAzEWqLHuvctI91KS9hhNmmWOoWu0XTYJS7CA=
gopkg.in/yaml.v3 v3.0.1/go.mod h1:K4uyk7z7BCEPqu6E+C64Yfv1cQ7kz7rIZviUmN+EgEM=
