github.com/devilmonastery/env-k8s-home v0.1.28 h1:5C5iXyJ4Uy+NGGLigj5g4JOPIBDgIM4Hoxa1lB/XlQQ=
github.com/devilmonastery/env-k8s-home v0.1.28/go.mod h1:WBjjdh+4OsLoOe2lBqZS0AFTeWPc00CiKTleVmPm1QQ=
github.com/devilmonastery/infracode v0.2.44 h1:S/TX4vtGEKrwW25yzl5zzw7O3Z6wQG9I8akZg+5DaaU=
github.com/devilmonastery/infracode v0.2.44/go.mod h1:qkO7f22yqLscLLC1Svp7lN0m6dPYv3m5K7wS39FveuE=
gopkg.in/check.v1 v0.0.0-20161208181325-20d25e280405 h1:yhCVgyC4o1eVCa2tZl7eS0r+SDo693bJlVdllGtEeKM=
gopkg.in/check.v1 v0.0.0-20161208181325-20d25e280405/go.mod h1:Co6ibVJAznAaIkqp8huTwlJQCZ016jof/cbN4VW5Yz0=
gopkg.in/yaml.v3 v3.0.1 h1:fxVm/GzAzEWqLHuvctI91KS9hhNmmWOoWu0XTYJS7CA=
gopkg.in/yaml.v3 v3.0.1/go.mod h1:K4uyk7z7BCEPqu6E+C64Yfv1cQ7kz7rIZviUmN+EgEM=
